<?xml version="1.0" encoding="UTF-8" standalone="yes" ?>
<CodeBlocks_project_file>
	<FileVersion major="1" minor="6" />
	<Project>
		<Option title="Cpp Game with SDL" />
		<Option pch_mode="2" />
		<Option compiler="gcc" />
		<Build>
			<Target title="Debug">
				<Option output="bin/Debug/Cpp Game with SDL" prefix_auto="1" extension_auto="1" />
				<Option object_output="obj/Debug/" />
				<Option type="1" />
				<Option compiler="gcc" />
				<Compiler>
					<Add option="-std=c++11" />
					<Add option="-g" />
					<Add directory="Header" />
					<Add directory="./" />
					<Add directory="Header/Vender" />
					<Add directory="Header/Vendor/TinyXML" />
				</Compiler>
			</Target>
			<Target title="Release">
				<Option output="bin/Release/Cpp Game with SDL" prefix_auto="1" extension_auto="1" />
				<Option object_output="obj/Release/" />
				<Option type="1" />
				<Option compiler="gcc" />
				<Compiler>
					<Add option="-O2" />
					<Add directory="Header" />
					<Add directory="./" />
				</Compiler>
				<Linker>
					<Add option="-s" />
				</Linker>
			</Target>
		</Build>
		<Compiler>
			<Add option="-Wall" />
			<Add option="-std=c++11" />
			<Add directory="C:/mingw_dev_lib/include/SDL2" />
			<Add directory="C:/Users/Admin/Documents/SDL Library/SDL2-devel-2.0.20-mingw/i686-w64-mingw32/include/SDL2" />
			<Add directory="C:/Users/Admin/Documents/SDL Library/SDL2_mixer-devel-2.0.4-mingw/SDL2_mixer-2.0.4/i686-w64-mingw32/include/SDL2" />
			<Add directory="C:/Users/Admin/Documents/SDL Library/SDL2_ttf-devel-2.0.18-mingw/SDL2_ttf-2.0.18/i686-w64-mingw32/include/SDL2" />
		</Compiler>
		<Linker>
			<Add option="-lmingw32 -lSDL2main -lSDL2 -lSDL2_image -lSDL2_mixer -lSDL2_ttf" />
			<Add directory="C:/mingw_dev_lib/lib" />
			<Add directory="C:/Users/Admin/Documents/SDL Library/SDL2-devel-2.0.20-mingw/i686-w64-mingw32/lib" />
			<Add directory="C:/Users/Admin/Documents/SDL Library/SDL2_mixer-devel-2.0.4-mingw/SDL2_mixer-2.0.4/i686-w64-mingw32/lib" />
			<Add directory="C:/Users/Admin/Documents/SDL Library/SDL2_ttf-devel-2.0.18-mingw/SDL2_ttf-2.0.18/i686-w64-mingw32/lib" />
		</Linker>
		<Unit filename="Header/Animation.h" />
		<Unit filename="Header/Button.h" />
		<Unit filename="Header/Camera.cpp" />
		<Unit filename="Header/Camera.h" />
		<Unit filename="Header/ClimatEmitter.h" />
		<Unit filename="Header/Cloud.h" />
		<Unit filename="Header/Collider.h" />
		<Unit filename="Header/CollisionMgr.cpp" />
		<Unit filename="Header/CollisionMgr.h" />
		<Unit filename="Header/Enemy.cpp" />
		<Unit filename="Header/Enemy.h" />
		<Unit filename="Header/Engine.cpp" />
		<Unit filename="Header/Engine.h" />
		<Unit filename="Header/GameObject.h" />
		<Unit filename="Header/GameState.h" />
		<Unit filename="Header/Helpers.h" />
		<Unit filename="Header/IObject.h" />
		<Unit filename="Header/Input.cpp" />
		<Unit filename="Header/Input.h" />
		<Unit filename="Header/Menu.cpp" />
		<Unit filename="Header/Menu.h" />
		<Unit filename="Header/ObjectFactory.cpp" />
		<Unit filename="Header/ObjectFactory.h" />
		<Unit filename="Header/Panel.h" />
		<Unit filename="Header/Parser.cpp" />
		<Unit filename="Header/Parser.h" />
		<Unit filename="Header/Particle.h" />
		<Unit filename="Header/Pause.cpp" />
		<Unit filename="Header/Pause.h" />
		<Unit filename="Header/Play.cpp" />
		<Unit filename="Header/Play.h" />
		<Unit filename="Header/RigidBody.h" />
		<Unit filename="Header/SoundMgr.cpp" />
		<Unit filename="Header/SoundMgr.h" />
		<Unit filename="Header/SpriteAnimation.cpp" />
		<Unit filename="Header/SpriteAnimation.h" />
		<Unit filename="Header/StateMgr.cpp" />
		<Unit filename="Header/StateMgr.h" />
		<Unit filename="Header/StaticObject.h" />
		<Unit filename="Header/TextureMgr.cpp" />
		<Unit filename="Header/TextureMgr.h" />
		<Unit filename="Header/TileLayer.h" />
		<Unit filename="Header/TileMap.h" />
		<Unit filename="Header/Timer.cpp" />
		<Unit filename="Header/Timer.h" />
		<Unit filename="Header/Transform.h" />
		<Unit filename="Header/Tree.h" />
		<Unit filename="Header/Vector2D.h" />
		<Unit filename="Header/Vendor/TinyXML/tinystr.cpp" />
		<Unit filename="Header/Vendor/TinyXML/tinystr.h" />
		<Unit filename="Header/Vendor/TinyXML/tinyxml.cpp" />
		<Unit filename="Header/Vendor/TinyXML/tinyxml.h" />
		<Unit filename="Header/Vendor/TinyXML/tinyxmlerror.cpp" />
		<Unit filename="Header/Vendor/TinyXML/tinyxmlparser.cpp" />
		<Unit filename="Header/Warrior.cpp" />
		<Unit filename="Header/Warrior.h" />
		<Unit filename="Header/Widget.h" />
		<Unit filename="Remember and Click.cpp" />
		<Extensions>
			<lib_finder disable_auto="1" />
		</Extensions>
	</Project>
</CodeBlocks_project_file>
